
Microsoft Visual Studio Solution File, Format Version 12.00
# Visual Studio 2012
Project("{FAE04EC0-301F-11D3-BF4B-00C04F79EFBC}") = "ProjectFLAME", "ProjectFLAME\ProjectFLAME.csproj", "{CDB21A64-1B71-443A-99AC-9CD4FE614103}"
EndProject
Global
	GlobalSection(SolutionConfigurationPlatforms) = preSolution
		Debug|Any CPU = Debug|Any CPU
		Release|Any CPU = Release|Any CPU
	EndGlobalSection
	GlobalSection(ProjectConfigurationPlatforms) = postSolution
		{CDB21A64-1B71-443A-99AC-9CD4FE614103}.Debug|Any CPU.ActiveCfg = Debug|Any CPU
		{CDB21A64-1B71-443A-99AC-9CD4FE614103}.Debug|Any CPU.Build.0 = Debug|Any CPU
		{CDB21A64-1B71-443A-99AC-9CD4FE614103}.Release|Any CPU.ActiveCfg = Release|Any CPU
		{CDB21A64-1B71-443A-99AC-9CD4FE614103}.Release|Any CPU.Build.0 = Release|Any CPU
	EndGlobalSection
	GlobalSection(SolutionProperties) = preSolution
		HideSolutionNode = FALSE
	EndGlobalSection
EndGlobal
